{
  "name": "project",
  "version": "0.1.0",
  "lockfileVersion": 3,
  "requires": true,
  "packages": {
    "": {
      "dependencies": {
        "together-ai": "^0.1.0"
      }
    },
    "node_modules/together-ai": {
      "version": "0.1.0",
      "resolved": "https://registry.npmjs.org/together-ai/-/together-ai-0.1.0.tgz",
      "integrity": "sha512-wn6qYOqTx0sjpaK263I+fP5eG5hXK94+2Nr+1enr8MUWSQGnYNABO+FTS5gAUNuKwxc6mKWZH2SwH3GXjfW/1Q==",
      "license": "MIT"
    }
  }
}
